
Microsoft Visual Studio Solution File, Format Version 12.00
# Visual Studio Version 16
VisualStudioVersion = 16.0.31005.135
MinimumVisualStudioVersion = 10.0.40219.1
Project("{FAE04EC0-301F-11D3-BF4B-00C04F79EFBC}") = "Multitenancy.Android", "Multitenancy\Multitenancy.Android\Multitenancy.Android.csproj", "{F49F14DF-2B44-4348-B1CF-1A300F1D3C3E}"
EndProject
Project("{9A19103F-16F7-4668-BE54-9A1E7A4F7556}") = "Multitenancy", "Multitenancy\Multitenancy\Multitenancy.csproj", "{8F08AD57-43A8-4F6B-BFBD-5D2F6E471F6B}"
EndProject
Project("{9A19103F-16F7-4668-BE54-9A1E7A4F7556}") = "Multitenancy.Core", "Multitenancy\Multitenancy.Core\Multitenancy.Core.csproj", "{C66930F5-5F6E-4F4A-9C06-6BFB74824520}"
EndProject
Global
	GlobalSection(SolutionConfigurationPlatforms) = preSolution
		Ad-Hoc|Any CPU = Ad-Hoc|Any CPU
		Ad-Hoc|iPhone = Ad-Hoc|iPhone
		Ad-Hoc|iPhoneSimulator = Ad-Hoc|iPhoneSimulator
		AppStore|Any CPU = AppStore|Any CPU
		AppStore|iPhone = AppStore|iPhone
		AppStore|iPhoneSimulator = AppStore|iPhoneSimulator
		Debug|Any CPU = Debug|Any CPU
		Debug|iPhone = Debug|iPhone
		Debug|iPhoneSimulator = Debug|iPhoneSimulator
		Release|Any CPU = Release|Any CPU
		Release|iPhone = Release|iPhone
		Release|iPhoneSimulator = Release|iPhoneSimulator
	EndGlobalSection
	GlobalSection(ProjectConfigurationPlatforms) = postSolution
		{F49F14DF-2B44-4348-B1CF-1A300F1D3C3E}.Ad-Hoc|Any CPU.ActiveCfg = Release|Any CPU
		{F49F14DF-2B44-4348-B1CF-1A300F1D3C3E}.Ad-Hoc|Any CPU.Build.0 = Release|Any CPU
		{F49F14DF-2B44-4348-B1CF-1A300F1D3C3E}.Ad-Hoc|Any CPU.Deploy.0 = Release|Any CPU
		{F49F14DF-2B44-4348-B1CF-1A300F1D3C3E}.Ad-Hoc|iPhone.ActiveCfg = Release|Any CPU
		{F49F14DF-2B44-4348-B1CF-1A300F1D3C3E}.Ad-Hoc|iPhone.Build.0 = Release|Any CPU
		{F49F14DF-2B44-4348-B1CF-1A300F1D3C3E}.Ad-Hoc|iPhone.Deploy.0 = Release|Any CPU
		{F49F14DF-2B44-4348-B1CF-1A300F1D3C3E}.Ad-Hoc|iPhoneSimulator.ActiveCfg = Release|Any CPU
		{F49F14DF-2B44-4348-B1CF-1A300F1D3C3E}.Ad-Hoc|iPhoneSimulator.Build.0 = Release|Any CPU
		{F49F14DF-2B44-4348-B1CF-1A300F1D3C3E}.Ad-Hoc|iPhoneSimulator.Deploy.0 = Release|Any CPU
		{F49F14DF-2B44-4348-B1CF-1A300F1D3C3E}.AppStore|Any CPU.ActiveCfg = Release|Any CPU
		{F49F14DF-2B44-4348-B1CF-1A300F1D3C3E}.AppStore|Any CPU.Build.0 = Release|Any CPU
		{F49F14DF-2B44-4348-B1CF-1A300F1D3C3E}.AppStore|Any CPU.Deploy.0 = Release|Any CPU
		{F49F14DF-2B44-4348-B1CF-1A300F1D3C3E}.AppStore|iPhone.ActiveCfg = Release|Any CPU
		{F49F14DF-2B44-4348-B1CF-1A300F1D3C3E}.AppStore|iPhone.Build.0 = Release|Any CPU
		{F49F14DF-2B44-4348-B1CF-1A300F1D3C3E}.AppStore|iPhone.Deploy.0 = Release|Any CPU
		{F49F14DF-2B44-4348-B1CF-1A300F1D3C3E}.AppStore|iPhoneSimulator.ActiveCfg = Release|Any CPU
		{F49F14DF-2B44-4348-B1CF-1A300F1D3C3E}.AppStore|iPhoneSimulator.Build.0 = Release|Any CPU
		{F49F14DF-2B44-4348-B1CF-1A300F1D3C3E}.AppStore|iPhoneSimulator.Deploy.0 = Release|Any CPU
		{F49F14DF-2B44-4348-B1CF-1A300F1D3C3E}.Debug|Any CPU.ActiveCfg = Debug|Any CPU
		{F49F14DF-2B44-4348-B1CF-1A300F1D3C3E}.Debug|Any CPU.Build.0 = Debug|Any CPU
		{F49F14DF-2B44-4348-B1CF-1A300F1D3C3E}.Debug|Any CPU.Deploy.0 = Debug|Any CPU
		{F49F14DF-2B44-4348-B1CF-1A300F1D3C3E}.Debug|iPhone.ActiveCfg = Debug|Any CPU
		{F49F14DF-2B44-4348-B1CF-1A300F1D3C3E}.Debug|iPhone.Build.0 = Debug|Any CPU
		{F49F14DF-2B44-4348-B1CF-1A300F1D3C3E}.Debug|iPhone.Deploy.0 = Debug|Any CPU
		{F49F14DF-2B44-4348-B1CF-1A300F1D3C3E}.Debug|iPhoneSimulator.ActiveCfg = Debug|Any CPU
		{F49F14DF-2B44-4348-B1CF-1A300F1D3C3E}.Debug|iPhoneSimulator.Build.0 = Debug|Any CPU
		{F49F14DF-2B44-4348-B1CF-1A300F1D3C3E}.Debug|iPhoneSimulator.Deploy.0 = Debug|Any CPU
		{F49F14DF-2B44-4348-B1CF-1A300F1D3C3E}.Release|Any CPU.ActiveCfg = Release|Any CPU
		{F49F14DF-2B44-4348-B1CF-1A300F1D3C3E}.Release|Any CPU.Build.0 = Release|Any CPU
		{F49F14DF-2B44-4348-B1CF-1A300F1D3C3E}.Release|Any CPU.Deploy.0 = Release|Any CPU
		{F49F14DF-2B44-4348-B1CF-1A300F1D3C3E}.Release|iPhone.ActiveCfg = Release|Any CPU
		{F49F14DF-2B44-4348-B1CF-1A300F1D3C3E}.Release|iPhone.Build.0 = Release|Any CPU
		{F49F14DF-2B44-4348-B1CF-1A300F1D3C3E}.Release|iPhone.Deploy.0 = Release|Any CPU
		{F49F14DF-2B44-4348-B1CF-1A300F1D3C3E}.Release|iPhoneSimulator.ActiveCfg = Release|Any CPU
		{F49F14DF-2B44-4348-B1CF-1A300F1D3C3E}.Release|iPhoneSimulator.Build.0 = Release|Any CPU
		{F49F14DF-2B44-4348-B1CF-1A300F1D3C3E}.Release|iPhoneSimulator.Deploy.0 = Release|Any CPU
		{8F08AD57-43A8-4F6B-BFBD-5D2F6E471F6B}.Ad-Hoc|Any CPU.ActiveCfg = Release|Any CPU
		{8F08AD57-43A8-4F6B-BFBD-5D2F6E471F6B}.Ad-Hoc|Any CPU.Build.0 = Release|Any CPU
		{8F08AD57-43A8-4F6B-BFBD-5D2F6E471F6B}.Ad-Hoc|iPhone.ActiveCfg = Release|Any CPU
		{8F08AD57-43A8-4F6B-BFBD-5D2F6E471F6B}.Ad-Hoc|iPhone.Build.0 = Release|Any CPU
		{8F08AD57-43A8-4F6B-BFBD-5D2F6E471F6B}.Ad-Hoc|iPhoneSimulator.ActiveCfg = Release|Any CPU
		{8F08AD57-43A8-4F6B-BFBD-5D2F6E471F6B}.Ad-Hoc|iPhoneSimulator.Build.0 = Release|Any CPU
		{8F08AD57-43A8-4F6B-BFBD-5D2F6E471F6B}.AppStore|Any CPU.ActiveCfg = Release|Any CPU
		{8F08AD57-43A8-4F6B-BFBD-5D2F6E471F6B}.AppStore|Any CPU.Build.0 = Release|Any CPU
		{8F08AD57-43A8-4F6B-BFBD-5D2F6E471F6B}.AppStore|iPhone.ActiveCfg = Release|Any CPU
		{8F08AD57-43A8-4F6B-BFBD-5D2F6E471F6B}.AppStore|iPhone.Build.0 = Release|Any CPU
		{8F08AD57-43A8-4F6B-BFBD-5D2F6E471F6B}.AppStore|iPhoneSimulator.ActiveCfg = Release|Any CPU
		{8F08AD57-43A8-4F6B-BFBD-5D2F6E471F6B}.AppStore|iPhoneSimulator.Build.0 = Release|Any CPU
		{8F08AD57-43A8-4F6B-BFBD-5D2F6E471F6B}.Debug|Any CPU.ActiveCfg = Debug|Any CPU
		{8F08AD57-43A8-4F6B-BFBD-5D2F6E471F6B}.Debug|Any CPU.Build.0 = Debug|Any CPU
		{8F08AD57-43A8-4F6B-BFBD-5D2F6E471F6B}.Debug|Any CPU.Deploy.0 = Debug|Any CPU
		{8F08AD57-43A8-4F6B-BFBD-5D2F6E471F6B}.Debug|iPhone.ActiveCfg = Debug|Any CPU
		{8F08AD57-43A8-4F6B-BFBD-5D2F6E471F6B}.Debug|iPhone.Build.0 = Debug|Any CPU
		{8F08AD57-43A8-4F6B-BFBD-5D2F6E471F6B}.Debug|iPhone.Deploy.0 = Debug|Any CPU
		{8F08AD57-43A8-4F6B-BFBD-5D2F6E471F6B}.Debug|iPhoneSimulator.ActiveCfg = Debug|Any CPU
		{8F08AD57-43A8-4F6B-BFBD-5D2F6E471F6B}.Debug|iPhoneSimulator.Build.0 = Debug|Any CPU
		{8F08AD57-43A8-4F6B-BFBD-5D2F6E471F6B}.Debug|iPhoneSimulator.Deploy.0 = Debug|Any CPU
		{8F08AD57-43A8-4F6B-BFBD-5D2F6E471F6B}.Release|Any CPU.ActiveCfg = Release|Any CPU
		{8F08AD57-43A8-4F6B-BFBD-5D2F6E471F6B}.Release|Any CPU.Build.0 = Release|Any CPU
		{8F08AD57-43A8-4F6B-BFBD-5D2F6E471F6B}.Release|Any CPU.Deploy.0 = Release|Any CPU
		{8F08AD57-43A8-4F6B-BFBD-5D2F6E471F6B}.Release|iPhone.ActiveCfg = Release|Any CPU
		{8F08AD57-43A8-4F6B-BFBD-5D2F6E471F6B}.Release|iPhone.Build.0 = Release|Any CPU
		{8F08AD57-43A8-4F6B-BFBD-5D2F6E471F6B}.Release|iPhone.Deploy.0 = Release|Any CPU
		{8F08AD57-43A8-4F6B-BFBD-5D2F6E471F6B}.Release|iPhoneSimulator.ActiveCfg = Release|Any CPU
		{8F08AD57-43A8-4F6B-BFBD-5D2F6E471F6B}.Release|iPhoneSimulator.Build.0 = Release|Any CPU
		{8F08AD57-43A8-4F6B-BFBD-5D2F6E471F6B}.Release|iPhoneSimulator.Deploy.0 = Release|Any CPU
		{C66930F5-5F6E-4F4A-9C06-6BFB74824520}.Ad-Hoc|Any CPU.ActiveCfg = Release|Any CPU
		{C66930F5-5F6E-4F4A-9C06-6BFB74824520}.Ad-Hoc|Any CPU.Build.0 = Release|Any CPU
		{C66930F5-5F6E-4F4A-9C06-6BFB74824520}.Ad-Hoc|iPhone.ActiveCfg = Release|Any CPU
		{C66930F5-5F6E-4F4A-9C06-6BFB74824520}.Ad-Hoc|iPhone.Build.0 = Release|Any CPU
		{C66930F5-5F6E-4F4A-9C06-6BFB74824520}.Ad-Hoc|iPhoneSimulator.ActiveCfg = Release|Any CPU
		{C66930F5-5F6E-4F4A-9C06-6BFB74824520}.Ad-Hoc|iPhoneSimulator.Build.0 = Release|Any CPU
		{C66930F5-5F6E-4F4A-9C06-6BFB74824520}.AppStore|Any CPU.ActiveCfg = Release|Any CPU
		{C66930F5-5F6E-4F4A-9C06-6BFB74824520}.AppStore|Any CPU.Build.0 = Release|Any CPU
		{C66930F5-5F6E-4F4A-9C06-6BFB74824520}.AppStore|iPhone.ActiveCfg = Release|Any CPU
		{C66930F5-5F6E-4F4A-9C06-6BFB74824520}.AppStore|iPhone.Build.0 = Release|Any CPU
		{C66930F5-5F6E-4F4A-9C06-6BFB74824520}.AppStore|iPhoneSimulator.ActiveCfg = Release|Any CPU
		{C66930F5-5F6E-4F4A-9C06-6BFB74824520}.AppStore|iPhoneSimulator.Build.0 = Release|Any CPU
		{C66930F5-5F6E-4F4A-9C06-6BFB74824520}.Debug|Any CPU.ActiveCfg = Debug|Any CPU
		{C66930F5-5F6E-4F4A-9C06-6BFB74824520}.Debug|Any CPU.Build.0 = Debug|Any CPU
		{C66930F5-5F6E-4F4A-9C06-6BFB74824520}.Debug|iPhone.ActiveCfg = Debug|Any CPU
		{C66930F5-5F6E-4F4A-9C06-6BFB74824520}.Debug|iPhone.Build.0 = Debug|Any CPU
		{C66930F5-5F6E-4F4A-9C06-6BFB74824520}.Debug|iPhoneSimulator.ActiveCfg = Debug|Any CPU
		{C66930F5-5F6E-4F4A-9C06-6BFB74824520}.Debug|iPhoneSimulator.Build.0 = Debug|Any CPU
		{C66930F5-5F6E-4F4A-9C06-6BFB74824520}.Release|Any CPU.ActiveCfg = Release|Any CPU
		{C66930F5-5F6E-4F4A-9C06-6BFB74824520}.Release|Any CPU.Build.0 = Release|Any CPU
		{C66930F5-5F6E-4F4A-9C06-6BFB74824520}.Release|iPhone.ActiveCfg = Release|Any CPU
		{C66930F5-5F6E-4F4A-9C06-6BFB74824520}.Release|iPhone.Build.0 = Release|Any CPU
		{C66930F5-5F6E-4F4A-9C06-6BFB74824520}.Release|iPhoneSimulator.ActiveCfg = Release|Any CPU
		{C66930F5-5F6E-4F4A-9C06-6BFB74824520}.Release|iPhoneSimulator.Build.0 = Release|Any CPU
	EndGlobalSection
	GlobalSection(SolutionProperties) = preSolution
		HideSolutionNode = FALSE
	EndGlobalSection
	GlobalSection(ExtensibilityGlobals) = postSolution
		SolutionGuid = {D0E8D996-5C25-4E45-9DDE-20E7C2879840}
	EndGlobalSection
EndGlobal
